// !$*UTF8*$!
{
	archiveVersion = 1;
	classes = {
	};
	objectVersion = 77;
	objects = {

/* Begin PBXBuildFile section */
		7614F8382DA441B20006F0CF /* (null) in Frameworks */ = {isa = PBXBuildFile; };
		7614F8392DA441B20006F0CF /* (null) in Frameworks */ = {isa = PBXBuildFile; };
		76BDB2762DA3393C00741603 /* SentrySwiftUI in Frameworks */ = {isa = PBXBuildFile; productRef = 76BDB2752DA3393C00741603 /* SentrySwiftUI */; };
		D13428020EEA48458E7940EE /* Sentry in Frameworks */ = {isa = PBXBuildFile; productRef = 98617561D44C48AA84202205 /* Sentry */; };
/* End PBXBuildFile section */

/* Begin PBXContainerItemProxy section */
		76873C3D2D9C7A98009DF973 /* PBXContainerItemProxy */ = {
			isa = PBXContainerItemProxy;
			containerPortal = 76873C202D9C7A96009DF973 /* Project object */;
			proxyType = 1;
			remoteGlobalIDString = 76873C272D9C7A96009DF973;
			remoteInfo = "Simple QR";
		};
		76873C472D9C7A98009DF973 /* PBXContainerItemProxy */ = {
			isa = PBXContainerItemProxy;
			containerPortal = 76873C202D9C7A96009DF973 /* Project object */;
			proxyType = 1;
			remoteGlobalIDString = 76873C272D9C7A96009DF973;
			remoteInfo = "Simple QR";
		};
/* End PBXContainerItemProxy section */

/* Begin PBXFileReference section */
		76873C282D9C7A96009DF973 /* Simple QR.app */ = {isa = PBXFileReference; explicitFileType = wrapper.application; includeInIndex = 0; path = "Simple QR.app"; sourceTree = BUILT_PRODUCTS_DIR; };
		76873C3C2D9C7A98009DF973 /* Simple QRTests.xctest */ = {isa = PBXFileReference; explicitFileType = wrapper.cfbundle; includeInIndex = 0; path = "Simple QRTests.xctest"; sourceTree = BUILT_PRODUCTS_DIR; };
		76873C462D9C7A98009DF973 /* Simple QRUITests.xctest */ = {isa = PBXFileReference; explicitFileType = wrapper.cfbundle; includeInIndex = 0; path = "Simple QRUITests.xctest"; sourceTree = BUILT_PRODUCTS_DIR; };
/* End PBXFileReference section */

/* Begin PBXFileSystemSynchronizedBuildFileExceptionSet section */
		76873C4E2D9C7A98009DF973 /* Exceptions for "Simple QR" folder in "Simple QR" target */ = {
			isa = PBXFileSystemSynchronizedBuildFileExceptionSet;
			membershipExceptions = (
				Info.plist,
			);
			target = 76873C272D9C7A96009DF973 /* Simple QR */;
		};
/* End PBXFileSystemSynchronizedBuildFileExceptionSet section */

/* Begin PBXFileSystemSynchronizedRootGroup section */
		76873C2A2D9C7A96009DF973 /* Simple QR */ = {
			isa = PBXFileSystemSynchronizedRootGroup;
			exceptions = (
				76873C4E2D9C7A98009DF973 /* Exceptions for "Simple QR" folder in "Simple QR" target */,
			);
			path = "Simple QR";
			sourceTree = "<group>";
		};
		76873C3F2D9C7A98009DF973 /* Simple QRTests */ = {
			isa = PBXFileSystemSynchronizedRootGroup;
			path = "Simple QRTests";
			sourceTree = "<group>";
		};
		76873C492D9C7A98009DF973 /* Simple QRUITests */ = {
			isa = PBXFileSystemSynchronizedRootGroup;
			path = "Simple QRUITests";
			sourceTree = "<group>";
		};
/* End PBXFileSystemSynchronizedRootGroup section */

/* Begin PBXFrameworksBuildPhase section */
		76873C252D9C7A96009DF973 /* Frameworks */ = {
			isa = PBXFrameworksBuildPhase;
			buildActionMask = 2147483647;
			files = (
				76BDB2762DA3393C00741603 /* SentrySwiftUI in Frameworks */,
				D13428020EEA48458E7940EE /* Sentry in Frameworks */,
			);
			runOnlyForDeploymentPostprocessing = 0;
		};
		76873C392D9C7A98009DF973 /* Frameworks */ = {
			isa = PBXFrameworksBuildPhase;
			buildActionMask = 2147483647;
			files = (
				7614F8382DA441B20006F0CF /* (null) in Frameworks */,
			);
			runOnlyForDeploymentPostprocessing = 0;
		};
		76873C432D9C7A98009DF973 /* Frameworks */ = {
			isa = PBXFrameworksBuildPhase;
			buildActionMask = 2147483647;
			files = (
				7614F8392DA441B20006F0CF /* (null) in Frameworks */,
			);
			runOnlyForDeploymentPostprocessing = 0;
		};
/* End PBXFrameworksBuildPhase section */

/* Begin PBXGroup section */
		76873C1F2D9C7A96009DF973 = {
			isa = PBXGroup;
			children = (
				76873C2A2D9C7A96009DF973 /* Simple QR */,
				76873C3F2D9C7A98009DF973 /* Simple QRTests */,
				76873C492D9C7A98009DF973 /* Simple QRUITests */,
				76873C292D9C7A96009DF973 /* Products */,
			);
			sourceTree = "<group>";
		};
		76873C292D9C7A96009DF973 /* Products */ = {
			isa = PBXGroup;
			children = (
				76873C282D9C7A96009DF973 /* Simple QR.app */,
				76873C3C2D9C7A98009DF973 /* Simple QRTests.xctest */,
				76873C462D9C7A98009DF973 /* Simple QRUITests.xctest */,
			);
			name = Products;
			sourceTree = "<group>";
		};
/* End PBXGroup section */

/* Begin PBXNativeTarget section */
		76873C272D9C7A96009DF973 /* Simple QR */ = {
			isa = PBXNativeTarget;
			buildConfigurationList = 76873C4F2D9C7A98009DF973 /* Build configuration list for PBXNativeTarget "Simple QR" */;
			buildPhases = (
				76873C242D9C7A96009DF973 /* Sources */,
				76873C252D9C7A96009DF973 /* Frameworks */,
				76873C262D9C7A96009DF973 /* Resources */,
				8DC372052FDB40EE90E3382C /* Upload Debug Symbols to Sentry */,
			);
			buildRules = (
			);
			dependencies = (
			);
			fileSystemSynchronizedGroups = (
				76873C2A2D9C7A96009DF973 /* Simple QR */,
			);
			name = "Simple QR";
			packageProductDependencies = (
				76BDB2752DA3393C00741603 /* SentrySwiftUI */,
				98617561D44C48AA84202205 /* Sentry */,
			);
			productName = "Simple QR";
			productReference = 76873C282D9C7A96009DF973 /* Simple QR.app */;
			productType = "com.apple.product-type.application";
		};
		76873C3B2D9C7A98009DF973 /* Simple QRTests */ = {
			isa = PBXNativeTarget;
			buildConfigurationList = 76873C542D9C7A98009DF973 /* Build configuration list for PBXNativeTarget "Simple QRTests" */;
			buildPhases = (
				76873C382D9C7A98009DF973 /* Sources */,
				76873C392D9C7A98009DF973 /* Frameworks */,
				76873C3A2D9C7A98009DF973 /* Resources */,
			);
			buildRules = (
			);
			dependencies = (
				76873C3E2D9C7A98009DF973 /* PBXTargetDependency */,
			);
			fileSystemSynchronizedGroups = (
				76873C3F2D9C7A98009DF973 /* Simple QRTests */,
			);
			name = "Simple QRTests";
			packageProductDependencies = (
			);
			productName = "Simple QRTests";
			productReference = 76873C3C2D9C7A98009DF973 /* Simple QRTests.xctest */;
			productType = "com.apple.product-type.bundle.unit-test";
		};
		76873C452D9C7A98009DF973 /* Simple QRUITests */ = {
			isa = PBXNativeTarget;
			buildConfigurationList = 76873C572D9C7A98009DF973 /* Build configuration list for PBXNativeTarget "Simple QRUITests" */;
			buildPhases = (
				76873C422D9C7A98009DF973 /* Sources */,
				76873C432D9C7A98009DF973 /* Frameworks */,
				76873C442D9C7A98009DF973 /* Resources */,
			);
			buildRules = (
			);
			dependencies = (
				76873C482D9C7A98009DF973 /* PBXTargetDependency */,
			);
			fileSystemSynchronizedGroups = (
				76873C492D9C7A98009DF973 /* Simple QRUITests */,
			);
			name = "Simple QRUITests";
			packageProductDependencies = (
			);
			productName = "Simple QRUITests";
			productReference = 76873C462D9C7A98009DF973 /* Simple QRUITests.xctest */;
			productType = "com.apple.product-type.bundle.ui-testing";
		};
/* End PBXNativeTarget section */

/* Begin PBXProject section */
		76873C202D9C7A96009DF973 /* Project object */ = {
			isa = PBXProject;
			attributes = {
				BuildIndependentTargetsInParallel = 1;
				LastSwiftUpdateCheck = 1620;
				LastUpgradeCheck = 1630;
				TargetAttributes = {
					76873C272D9C7A96009DF973 = {
						CreatedOnToolsVersion = 16.2;
					};
					76873C3B2D9C7A98009DF973 = {
						CreatedOnToolsVersion = 16.2;
						TestTargetID = 76873C272D9C7A96009DF973;
					};
					76873C452D9C7A98009DF973 = {
						CreatedOnToolsVersion = 16.2;
						TestTargetID = 76873C272D9C7A96009DF973;
					};
				};
			};
			buildConfigurationList = 76873C232D9C7A96009DF973 /* Build configuration list for PBXProject "Simple QR" */;
			developmentRegion = en;
			hasScannedForEncodings = 0;
			knownRegions = (
				en,
				Base,
				ar,
				fr,
				de,
				"zh-Hans",
				it,
				"fr-CA",
				da,
				"pt-PT",
				ru,
				uk,
				sv,
				el,
				ca,
				es,
				tr,
				ja,
				ko,
				"es-419",
				"es-US",
				"pt-BR",
			);
			mainGroup = 76873C1F2D9C7A96009DF973;
			minimizedProjectReferenceProxies = 1;
			packageReferences = (
				76BDB2742DA3393C00741603 /* XCRemoteSwiftPackageReference "sentry-cocoa" */,
				564C901673124CFF80DD255E /* XCRemoteSwiftPackageReference "sentry-cocoa" */,
			);
			preferredProjectObjectVersion = 77;
			productRefGroup = 76873C292D9C7A96009DF973 /* Products */;
			projectDirPath = "";
			projectRoot = "";
			targets = (
				76873C272D9C7A96009DF973 /* Simple QR */,
				76873C3B2D9C7A98009DF973 /* Simple QRTests */,
				76873C452D9C7A98009DF973 /* Simple QRUITests */,
			);
		};
/* End PBXProject section */

/* Begin PBXResourcesBuildPhase section */
		76873C262D9C7A96009DF973 /* Resources */ = {
			isa = PBXResourcesBuildPhase;
			buildActionMask = 2147483647;
			files = (
			);
			runOnlyForDeploymentPostprocessing = 0;
		};
		76873C3A2D9C7A98009DF973 /* Resources */ = {
			isa = PBXResourcesBuildPhase;
			buildActionMask = 2147483647;
			files = (
			);
			runOnlyForDeploymentPostprocessing = 0;
		};
		76873C442D9C7A98009DF973 /* Resources */ = {
			isa = PBXResourcesBuildPhase;
			buildActionMask = 2147483647;
			files = (
			);
			runOnlyForDeploymentPostprocessing = 0;
		};
/* End PBXResourcesBuildPhase section */

/* Begin PBXShellScriptBuildPhase section */
		8DC372052FDB40EE90E3382C /* Upload Debug Symbols to Sentry */ = {
			isa = PBXShellScriptBuildPhase;
			buildActionMask = 8;
			files = (
			);
			inputPaths = (
				"${DWARF_DSYM_FOLDER_PATH}/${DWARF_DSYM_FILE_NAME}/Contents/Resources/DWARF/${TARGET_NAME}",
			);
			name = "Upload Debug Symbols to Sentry";
			outputPaths = (
			);
			runOnlyForDeploymentPostprocessing = 1;
			shellPath = /bin/sh;
			shellScript = "# This script is responsable to upload debug symbols and source context for Sentry.\nif which sentry-cli >/dev/null; then\nexport SENTRY_ORG=qr-unveil-tg\nexport SENTRY_PROJECT=apple-ios\nERROR=$(sentry-cli debug-files upload --include-sources \"$DWARF_DSYM_FOLDER_PATH\" 2>&1 >/dev/null)\nif [ ! $? -eq 0 ]; then\necho \"warning: sentry-cli - $ERROR\"\nfi\nelse\necho \"warning: sentry-cli not installed, download from https://github.com/getsentry/sentry-cli/releases\"\nfi\n";
		};
/* End PBXShellScriptBuildPhase section */

/* Begin PBXSourcesBuildPhase section */
		76873C242D9C7A96009DF973 /* Sources */ = {
			isa = PBXSourcesBuildPhase;
			buildActionMask = 2147483647;
			files = (
			);
			runOnlyForDeploymentPostprocessing = 0;
		};
		76873C382D9C7A98009DF973 /* Sources */ = {
			isa = PBXSourcesBuildPhase;
			buildActionMask = 2147483647;
			files = (
			);
			runOnlyForDeploymentPostprocessing = 0;
		};
		76873C422D9C7A98009DF973 /* Sources */ = {
			isa = PBXSourcesBuildPhase;
			buildActionMask = 2147483647;
			files = (
			);
			runOnlyForDeploymentPostprocessing = 0;
		};
/* End PBXSourcesBuildPhase section */

/* Begin PBXTargetDependency section */
		76873C3E2D9C7A98009DF973 /* PBXTargetDependency */ = {
			isa = PBXTargetDependency;
			target = 76873C272D9C7A96009DF973 /* Simple QR */;
			targetProxy = 76873C3D2D9C7A98009DF973 /* PBXContainerItemProxy */;
		};
		76873C482D9C7A98009DF973 /* PBXTargetDependency */ = {
			isa = PBXTargetDependency;
			target = 76873C272D9C7A96009DF973 /* Simple QR */;
			targetProxy = 76873C472D9C7A98009DF973 /* PBXContainerItemProxy */;
		};
/* End PBXTargetDependency section */

/* Begin XCBuildConfiguration section */
		76873C502D9C7A98009DF973 /* Debug */ = {
			isa = XCBuildConfiguration;
			buildSettings = {
				ASSETCATALOG_COMPILER_APPICON_NAME = AppIcon;
				ASSETCATALOG_COMPILER_GLOBAL_ACCENT_COLOR_NAME = AccentColor;
				CODE_SIGN_ENTITLEMENTS = "Simple QR/Simple_QR.entitlements";
				CODE_SIGN_STYLE = Automatic;
				CURRENT_PROJECT_VERSION = 100;
				DEBUG_INFORMATION_FORMAT = "dwarf-with-dsym";
				DEVELOPMENT_ASSET_PATHS = "\"Simple QR/Preview Content\"";
				ENABLE_PREVIEWS = YES;
				ENABLE_USER_SCRIPT_SANDBOXING = NO;
				GENERATE_INFOPLIST_FILE = YES;
				INFOPLIST_FILE = "Simple QR/Info.plist";
				INFOPLIST_KEY_CFBundleDisplayName = "QR Unveil";
				INFOPLIST_KEY_ITSAppUsesNonExemptEncryption = NO;
				INFOPLIST_KEY_LSApplicationCategoryType = "public.app-category.utilities";
				INFOPLIST_KEY_NSCameraUsageDescription = "QR Unveil needs camera access to scan QR codes";
				INFOPLIST_KEY_NSLocationWhenInUseUsageDescription = "QR Unveil requests access to your location to enhance your QR code scanning experience. When enabled, your location is stored only on your device and synchronized across your personal iCloud account. This information helps you remember where QR codes were scanned and is never shared with third parties.";
				INFOPLIST_KEY_NSPhotoLibraryAddUsageDescription = "QR Unveil saves QR code images to a dedicated album in your photo library.";
				INFOPLIST_KEY_NSPhotoLibraryUsageDescription = "QR Unveil needs access to save QR code images to your photo library in a dedicated album.";
				INFOPLIST_KEY_UIApplicationSceneManifest_Generation = YES;
				INFOPLIST_KEY_UIApplicationSupportsIndirectInputEvents = YES;
				INFOPLIST_KEY_UILaunchScreen_Generation = YES;
				INFOPLIST_KEY_UISupportedInterfaceOrientations = UIInterfaceOrientationPortrait;
				INFOPLIST_KEY_UISupportedInterfaceOrientations_iPad = "UIInterfaceOrientationLandscapeLeft UIInterfaceOrientationLandscapeRight UIInterfaceOrientationPortrait UIInterfaceOrientationPortraitUpsideDown";
				IPHONEOS_DEPLOYMENT_TARGET = 17.0;
				LD_RUNPATH_SEARCH_PATHS = (
					"$(inherited)",
					"@executable_path/Frameworks",
				);
				MARKETING_VERSION = 2.0;
				PRODUCT_BUNDLE_IDENTIFIER = "com.stephanepaquet.Simple-QR";
				PRODUCT_NAME = "$(TARGET_NAME)";
				SWIFT_EMIT_LOC_STRINGS = YES;
				SWIFT_VERSION = 5.0;
				TARGETED_DEVICE_FAMILY = "1,2";
			};
			name = Debug;
		};
		76873C512D9C7A98009DF973 /* Release */ = {
			isa = XCBuildConfiguration;
			buildSettings = {
				ASSETCATALOG_COMPILER_APPICON_NAME = AppIcon;
				ASSETCATALOG_COMPILER_GLOBAL_ACCENT_COLOR_NAME = AccentColor;
				CODE_SIGN_ENTITLEMENTS = "Simple QR/Simple_QR.entitlements";
				CODE_SIGN_STYLE = Automatic;
				CURRENT_PROJECT_VERSION = 100;
				DEBUG_INFORMATION_FORMAT = "dwarf-with-dsym";
				DEVELOPMENT_ASSET_PATHS = "\"Simple QR/Preview Content\"";
				ENABLE_PREVIEWS = YES;
				ENABLE_USER_SCRIPT_SANDBOXING = NO;
				GENERATE_INFOPLIST_FILE = YES;
				INFOPLIST_FILE = "Simple QR/Info.plist";
				INFOPLIST_KEY_CFBundleDisplayName = "QR Unveil";
				INFOPLIST_KEY_ITSAppUsesNonExemptEncryption = NO;
				INFOPLIST_KEY_LSApplicationCategoryType = "public.app-category.utilities";
				INFOPLIST_KEY_NSCameraUsageDescription = "QR Unveil needs camera access to scan QR codes";
				INFOPLIST_KEY_NSLocationWhenInUseUsageDescription = "QR Unveil requests access to your location to enhance your QR code scanning experience. When enabled, your location is stored only on your device and synchronized across your personal iCloud account. This information helps you remember where QR codes were scanned and is never shared with third parties.";
				INFOPLIST_KEY_NSPhotoLibraryAddUsageDescription = "QR Unveil saves QR code images to a dedicated album in your photo library.";
				INFOPLIST_KEY_NSPhotoLibraryUsageDescription = "QR Unveil needs access to save QR code images to your photo library in a dedicated album.";
				INFOPLIST_KEY_UIApplicationSceneManifest_Generation = YES;
				INFOPLIST_KEY_UIApplicationSupportsIndirectInputEvents = YES;
				INFOPLIST_KEY_UILaunchScreen_Generation = YES;
				INFOPLIST_KEY_UISupportedInterfaceOrientations = UIInterfaceOrientationPortrait;
				INFOPLIST_KEY_UISupportedInterfaceOrientations_iPad = "UIInterfaceOrientationLandscapeLeft UIInterfaceOrientationLandscapeRight UIInterfaceOrientationPortrait UIInterfaceOrientationPortraitUpsideDown";
				IPHONEOS_DEPLOYMENT_TARGET = 17.0;
				LD_RUNPATH_SEARCH_PATHS = (
					"$(inherited)",
					"@executable_path/Frameworks",
				);
				MARKETING_VERSION = 2.0;
				PRODUCT_BUNDLE_IDENTIFIER = "com.stephanepaquet.Simple-QR";
				PRODUCT_NAME = "$(TARGET_NAME)";
				SWIFT_EMIT_LOC_STRINGS = YES;
				SWIFT_VERSION = 5.0;
				TARGETED_DEVICE_FAMILY = "1,2";
			};
			name = Release;
		};
		76873C522D9C7A98009DF973 /* Debug */ = {
			isa = XCBuildConfiguration;
			buildSettings = {
				ALWAYS_SEARCH_USER_PATHS = NO;
				ASSETCATALOG_COMPILER_GENERATE_SWIFT_ASSET_SYMBOL_EXTENSIONS = YES;
				CLANG_ANALYZER_LOCALIZABILITY_NONLOCALIZED = YES;
				CLANG_ANALYZER_NONNULL = YES;
				CLANG_ANALYZER_NUMBER_OBJECT_CONVERSION = YES_AGGRESSIVE;
				CLANG_CXX_LANGUAGE_STANDARD = "gnu++20";
				CLANG_ENABLE_MODULES = YES;
				CLANG_ENABLE_OBJC_ARC = YES;
				CLANG_ENABLE_OBJC_WEAK = YES;
				CLANG_WARN_BLOCK_CAPTURE_AUTORELEASING = YES;
				CLANG_WARN_BOOL_CONVERSION = YES;
				CLANG_WARN_COMMA = YES;
				CLANG_WARN_CONSTANT_CONVERSION = YES;
				CLANG_WARN_DEPRECATED_OBJC_IMPLEMENTATIONS = YES;
				CLANG_WARN_DIRECT_OBJC_ISA_USAGE = YES_ERROR;
				CLANG_WARN_DOCUMENTATION_COMMENTS = YES;
				CLANG_WARN_EMPTY_BODY = YES;
				CLANG_WARN_ENUM_CONVERSION = YES;
				CLANG_WARN_INFINITE_RECURSION = YES;
				CLANG_WARN_INT_CONVERSION = YES;
				CLANG_WARN_NON_LITERAL_NULL_CONVERSION = YES;
				CLANG_WARN_OBJC_IMPLICIT_RETAIN_SELF = YES;
				CLANG_WARN_OBJC_LITERAL_CONVERSION = YES;
				CLANG_WARN_OBJC_ROOT_CLASS = YES_ERROR;
				CLANG_WARN_QUOTED_INCLUDE_IN_FRAMEWORK_HEADER = YES;
				CLANG_WARN_RANGE_LOOP_ANALYSIS = YES;
				CLANG_WARN_STRICT_PROTOTYPES = YES;
				CLANG_WARN_SUSPICIOUS_MOVE = YES;
				CLANG_WARN_UNGUARDED_AVAILABILITY = YES_AGGRESSIVE;
				CLANG_WARN_UNREACHABLE_CODE = YES;
				CLANG_WARN__DUPLICATE_METHOD_MATCH = YES;
				COPY_PHASE_STRIP = NO;
				DEBUG_INFORMATION_FORMAT = dwarf;
				DEVELOPMENT_TEAM = 342L82G5GB;
				ENABLE_STRICT_OBJC_MSGSEND = YES;
				ENABLE_TESTABILITY = YES;
				ENABLE_USER_SCRIPT_SANDBOXING = YES;
				GCC_C_LANGUAGE_STANDARD = gnu17;
				GCC_DYNAMIC_NO_PIC = NO;
				GCC_NO_COMMON_BLOCKS = YES;
				GCC_OPTIMIZATION_LEVEL = 0;
				GCC_PREPROCESSOR_DEFINITIONS = (
					"DEBUG=1",
					"$(inherited)",
				);
				GCC_WARN_64_TO_32_BIT_CONVERSION = YES;
				GCC_WARN_ABOUT_RETURN_TYPE = YES_ERROR;
				GCC_WARN_UNDECLARED_SELECTOR = YES;
				GCC_WARN_UNINITIALIZED_AUTOS = YES_AGGRESSIVE;
				GCC_WARN_UNUSED_FUNCTION = YES;
				GCC_WARN_UNUSED_VARIABLE = YES;
				IPHONEOS_DEPLOYMENT_TARGET = 18.2;
				LOCALIZATION_PREFERS_STRING_CATALOGS = YES;
				MTL_ENABLE_DEBUG_INFO = INCLUDE_SOURCE;
				MTL_FAST_MATH = YES;
				ONLY_ACTIVE_ARCH = YES;
				SDKROOT = iphoneos;
				SWIFT_ACTIVE_COMPILATION_CONDITIONS = "DEBUG $(inherited)";
				SWIFT_EMIT_LOC_STRINGS = YES;
				SWIFT_OPTIMIZATION_LEVEL = "-Onone";
			};
			name = Debug;
		};
		76873C532D9C7A98009DF973 /* Release */ = {
			isa = XCBuildConfiguration;
			buildSettings = {
				ALWAYS_SEARCH_USER_PATHS = NO;
				ASSETCATALOG_COMPILER_GENERATE_SWIFT_ASSET_SYMBOL_EXTENSIONS = YES;
				CLANG_ANALYZER_LOCALIZABILITY_NONLOCALIZED = YES;
				CLANG_ANALYZER_NONNULL = YES;
				CLANG_ANALYZER_NUMBER_OBJECT_CONVERSION = YES_AGGRESSIVE;
				CLANG_CXX_LANGUAGE_STANDARD = "gnu++20";
				CLANG_ENABLE_MODULES = YES;
				CLANG_ENABLE_OBJC_ARC = YES;
				CLANG_ENABLE_OBJC_WEAK = YES;
				CLANG_WARN_BLOCK_CAPTURE_AUTORELEASING = YES;
				CLANG_WARN_BOOL_CONVERSION = YES;
				CLANG_WARN_COMMA = YES;
				CLANG_WARN_CONSTANT_CONVERSION = YES;
				CLANG_WARN_DEPRECATED_OBJC_IMPLEMENTATIONS = YES;
				CLANG_WARN_DIRECT_OBJC_ISA_USAGE = YES_ERROR;
				CLANG_WARN_DOCUMENTATION_COMMENTS = YES;
				CLANG_WARN_EMPTY_BODY = YES;
				CLANG_WARN_ENUM_CONVERSION = YES;
				CLANG_WARN_INFINITE_RECURSION = YES;
				CLANG_WARN_INT_CONVERSION = YES;
				CLANG_WARN_NON_LITERAL_NULL_CONVERSION = YES;
				CLANG_WARN_OBJC_IMPLICIT_RETAIN_SELF = YES;
				CLANG_WARN_OBJC_LITERAL_CONVERSION = YES;
				CLANG_WARN_OBJC_ROOT_CLASS = YES_ERROR;
				CLANG_WARN_QUOTED_INCLUDE_IN_FRAMEWORK_HEADER = YES;
				CLANG_WARN_RANGE_LOOP_ANALYSIS = YES;
				CLANG_WARN_STRICT_PROTOTYPES = YES;
				CLANG_WARN_SUSPICIOUS_MOVE = YES;
				CLANG_WARN_UNGUARDED_AVAILABILITY = YES_AGGRESSIVE;
				CLANG_WARN_UNREACHABLE_CODE = YES;
				CLANG_WARN__DUPLICATE_METHOD_MATCH = YES;
				COPY_PHASE_STRIP = NO;
				DEBUG_INFORMATION_FORMAT = "dwarf-with-dsym";
				DEVELOPMENT_TEAM = 342L82G5GB;
				ENABLE_NS_ASSERTIONS = NO;
				ENABLE_STRICT_OBJC_MSGSEND = YES;
				ENABLE_USER_SCRIPT_SANDBOXING = YES;
				GCC_C_LANGUAGE_STANDARD = gnu17;
				GCC_NO_COMMON_BLOCKS = YES;
				GCC_WARN_64_TO_32_BIT_CONVERSION = YES;
				GCC_WARN_ABOUT_RETURN_TYPE = YES_ERROR;
				GCC_WARN_UNDECLARED_SELECTOR = YES;
				GCC_WARN_UNINITIALIZED_AUTOS = YES_AGGRESSIVE;
				GCC_WARN_UNUSED_FUNCTION = YES;
				GCC_WARN_UNUSED_VARIABLE = YES;
				IPHONEOS_DEPLOYMENT_TARGET = 18.2;
				LOCALIZATION_PREFERS_STRING_CATALOGS = YES;
				MTL_ENABLE_DEBUG_INFO = NO;
				MTL_FAST_MATH = YES;
				SDKROOT = iphoneos;
				SWIFT_COMPILATION_MODE = wholemodule;
				SWIFT_EMIT_LOC_STRINGS = YES;
				VALIDATE_PRODUCT = YES;
			};
			name = Release;
		};
		76873C552D9C7A98009DF973 /* Debug */ = {
			isa = XCBuildConfiguration;
			buildSettings = {
				BUNDLE_LOADER = "$(TEST_HOST)";
				CODE_SIGN_STYLE = Automatic;
				CURRENT_PROJECT_VERSION = 1;
				GENERATE_INFOPLIST_FILE = YES;
				IPHONEOS_DEPLOYMENT_TARGET = 18.2;
				MARKETING_VERSION = 1.0;
				PRODUCT_BUNDLE_IDENTIFIER = "com.stephanepaquet.Simple-QRTests";
				PRODUCT_NAME = "$(TARGET_NAME)";
				SWIFT_EMIT_LOC_STRINGS = NO;
				SWIFT_VERSION = 5.0;
				TARGETED_DEVICE_FAMILY = "1,2";
				TEST_HOST = "$(BUILT_PRODUCTS_DIR)/Simple QR.app/$(BUNDLE_EXECUTABLE_FOLDER_PATH)/Simple QR";
			};
			name = Debug;
		};
		76873C562D9C7A98009DF973 /* Release */ = {
			isa = XCBuildConfiguration;
			buildSettings = {
				BUNDLE_LOADER = "$(TEST_HOST)";
				CODE_SIGN_STYLE = Automatic;
				CURRENT_PROJECT_VERSION = 1;
				GENERATE_INFOPLIST_FILE = YES;
				IPHONEOS_DEPLOYMENT_TARGET = 18.2;
				MARKETING_VERSION = 1.0;
				PRODUCT_BUNDLE_IDENTIFIER = "com.stephanepaquet.Simple-QRTests";
				PRODUCT_NAME = "$(TARGET_NAME)";
				SWIFT_EMIT_LOC_STRINGS = NO;
				SWIFT_VERSION = 5.0;
				TARGETED_DEVICE_FAMILY = "1,2";
				TEST_HOST = "$(BUILT_PRODUCTS_DIR)/Simple QR.app/$(BUNDLE_EXECUTABLE_FOLDER_PATH)/Simple QR";
			};
			name = Release;
		};
		76873C582D9C7A98009DF973 /* Debug */ = {
			isa = XCBuildConfiguration;
			buildSettings = {
				CODE_SIGN_STYLE = Automatic;
				CURRENT_PROJECT_VERSION = 1;
				GENERATE_INFOPLIST_FILE = YES;
				MARKETING_VERSION = 1.0;
				PRODUCT_BUNDLE_IDENTIFIER = "com.stephanepaquet.Simple-QRUITests";
				PRODUCT_NAME = "$(TARGET_NAME)";
				SWIFT_EMIT_LOC_STRINGS = NO;
				SWIFT_VERSION = 5.0;
				TARGETED_DEVICE_FAMILY = "1,2";
				TEST_TARGET_NAME = "Simple QR";
			};
			name = Debug;
		};
		76873C592D9C7A98009DF973 /* Release */ = {
			isa = XCBuildConfiguration;
			buildSettings = {
				CODE_SIGN_STYLE = Automatic;
				CURRENT_PROJECT_VERSION = 1;
				GENERATE_INFOPLIST_FILE = YES;
				MARKETING_VERSION = 1.0;
				PRODUCT_BUNDLE_IDENTIFIER = "com.stephanepaquet.Simple-QRUITests";
				PRODUCT_NAME = "$(TARGET_NAME)";
				SWIFT_EMIT_LOC_STRINGS = NO;
				SWIFT_VERSION = 5.0;
				TARGETED_DEVICE_FAMILY = "1,2";
				TEST_TARGET_NAME = "Simple QR";
			};
			name = Release;
		};
/* End XCBuildConfiguration section */

/* Begin XCConfigurationList section */
		76873C232D9C7A96009DF973 /* Build configuration list for PBXProject "Simple QR" */ = {
			isa = XCConfigurationList;
			buildConfigurations = (
				76873C522D9C7A98009DF973 /* Debug */,
				76873C532D9C7A98009DF973 /* Release */,
			);
			defaultConfigurationIsVisible = 0;
			defaultConfigurationName = Release;
		};
		76873C4F2D9C7A98009DF973 /* Build configuration list for PBXNativeTarget "Simple QR" */ = {
			isa = XCConfigurationList;
			buildConfigurations = (
				76873C502D9C7A98009DF973 /* Debug */,
				76873C512D9C7A98009DF973 /* Release */,
			);
			defaultConfigurationIsVisible = 0;
			defaultConfigurationName = Release;
		};
		76873C542D9C7A98009DF973 /* Build configuration list for PBXNativeTarget "Simple QRTests" */ = {
			isa = XCConfigurationList;
			buildConfigurations = (
				76873C552D9C7A98009DF973 /* Debug */,
				76873C562D9C7A98009DF973 /* Release */,
			);
			defaultConfigurationIsVisible = 0;
			defaultConfigurationName = Release;
		};
		76873C572D9C7A98009DF973 /* Build configuration list for PBXNativeTarget "Simple QRUITests" */ = {
			isa = XCConfigurationList;
			buildConfigurations = (
				76873C582D9C7A98009DF973 /* Debug */,
				76873C592D9C7A98009DF973 /* Release */,
			);
			defaultConfigurationIsVisible = 0;
			defaultConfigurationName = Release;
		};
/* End XCConfigurationList section */

/* Begin XCRemoteSwiftPackageReference section */
		564C901673124CFF80DD255E /* XCRemoteSwiftPackageReference "sentry-cocoa" */ = {
			isa = XCRemoteSwiftPackageReference;
			repositoryURL = "https://github.com/getsentry/sentry-cocoa/";
			requirement = {
				kind = upToNextMajorVersion;
				minimumVersion = 8.0.0;
			};
		};
		76BDB2742DA3393C00741603 /* XCRemoteSwiftPackageReference "sentry-cocoa" */ = {
			isa = XCRemoteSwiftPackageReference;
			repositoryURL = "https://github.com/getsentry/sentry-cocoa.git";
			requirement = {
				kind = upToNextMajorVersion;
				minimumVersion = 8.48.0;
			};
		};
/* End XCRemoteSwiftPackageReference section */

/* Begin XCSwiftPackageProductDependency section */
		76BDB2752DA3393C00741603 /* SentrySwiftUI */ = {
			isa = XCSwiftPackageProductDependency;
			package = 76BDB2742DA3393C00741603 /* XCRemoteSwiftPackageReference "sentry-cocoa" */;
			productName = SentrySwiftUI;
		};
		98617561D44C48AA84202205 /* Sentry */ = {
			isa = XCSwiftPackageProductDependency;
			package = 564C901673124CFF80DD255E /* XCRemoteSwiftPackageReference "sentry-cocoa" */;
			productName = Sentry;
		};
/* End XCSwiftPackageProductDependency section */
	};
	rootObject = 76873C202D9C7A96009DF973 /* Project object */;
}
